
Microsoft Visual Studio Solution File, Format Version 12.00
# Visual Studio Version 17
VisualStudioVersion = 17.1.32421.90
MinimumVisualStudioVersion = 10.0.40219.1
Project("{9A19103F-16F7-4668-BE54-9A1E7A4F7556}") = "AvaloniaLauncher", "AvaloniaLauncher\AvaloniaLauncher.csproj", "{649F9541-78C8-4201-8321-61287EE73C05}"
	ProjectSection(ProjectDependencies) = postProject
		{09881D50-9A23-4A86-85EC-412D94FD65E8} = {09881D50-9A23-4A86-85EC-412D94FD65E8}
		{14FEAA62-342A-4D62-9795-2BB072D63143} = {14FEAA62-342A-4D62-9795-2BB072D63143}
		{6C874E75-94CF-494B-BC45-8B66536CD1A0} = {6C874E75-94CF-494B-BC45-8B66536CD1A0}
		{7FA71E8C-2592-4A93-848C-3922295AD3DB} = {7FA71E8C-2592-4A93-848C-3922295AD3DB}
		{80385BF1-4D10-491A-B1C0-864C527F9C6D} = {80385BF1-4D10-491A-B1C0-864C527F9C6D}
		{8A658FD4-8373-49F7-A1E5-81468092173F} = {8A658FD4-8373-49F7-A1E5-81468092173F}
		{CA24741D-F70C-4B0E-A6BE-A5E8AA9AB949} = {CA24741D-F70C-4B0E-A6BE-A5E8AA9AB949}
		{DA2F3CA0-9A8C-4435-BBB1-9BC350BCEAE1} = {DA2F3CA0-9A8C-4435-BBB1-9BC350BCEAE1}
		{F8577C7A-7DF6-456E-800B-D32FF08E2549} = {F8577C7A-7DF6-456E-800B-D32FF08E2549}
	EndProjectSection
EndProject
Project("{9A19103F-16F7-4668-BE54-9A1E7A4F7556}") = "Core", "Core\Core.csproj", "{80385BF1-4D10-491A-B1C0-864C527F9C6D}"
EndProject
Project("{2150E333-8FDC-42A3-9474-1A3956D46DE8}") = "Solution Items", "Solution Items", "{06E2CF59-E2CE-4FBA-BA7B-4CA7EBD2876E}"
	ProjectSection(SolutionItems) = preProject
		README.md = README.md
	EndProjectSection
EndProject
Project("{9A19103F-16F7-4668-BE54-9A1E7A4F7556}") = "ProjectManager", "ProjectManager\ProjectManager.csproj", "{6C874E75-94CF-494B-BC45-8B66536CD1A0}"
	ProjectSection(ProjectDependencies) = postProject
		{80385BF1-4D10-491A-B1C0-864C527F9C6D} = {80385BF1-4D10-491A-B1C0-864C527F9C6D}
	EndProjectSection
EndProject
Project("{9A19103F-16F7-4668-BE54-9A1E7A4F7556}") = "AvaloniaUI", "AvaloniaUI\AvaloniaUI.csproj", "{CA24741D-F70C-4B0E-A6BE-A5E8AA9AB949}"
	ProjectSection(ProjectDependencies) = postProject
		{80385BF1-4D10-491A-B1C0-864C527F9C6D} = {80385BF1-4D10-491A-B1C0-864C527F9C6D}
	EndProjectSection
EndProject
Project("{9A19103F-16F7-4668-BE54-9A1E7A4F7556}") = "EntityOrchestrator", "EntityOrchestrator\EntityOrchestrator.csproj", "{8A658FD4-8373-49F7-A1E5-81468092173F}"
	ProjectSection(ProjectDependencies) = postProject
		{80385BF1-4D10-491A-B1C0-864C527F9C6D} = {80385BF1-4D10-491A-B1C0-864C527F9C6D}
	EndProjectSection
EndProject
Project("{9A19103F-16F7-4668-BE54-9A1E7A4F7556}") = "EntityViewer", "EntityViewer\EntityViewer.csproj", "{14FEAA62-342A-4D62-9795-2BB072D63143}"
	ProjectSection(ProjectDependencies) = postProject
		{80385BF1-4D10-491A-B1C0-864C527F9C6D} = {80385BF1-4D10-491A-B1C0-864C527F9C6D}
	EndProjectSection
EndProject
Project("{9A19103F-16F7-4668-BE54-9A1E7A4F7556}") = "PrefabManager", "PrefabManager\PrefabManager.csproj", "{F8577C7A-7DF6-456E-800B-D32FF08E2549}"
	ProjectSection(ProjectDependencies) = postProject
		{80385BF1-4D10-491A-B1C0-864C527F9C6D} = {80385BF1-4D10-491A-B1C0-864C527F9C6D}
	EndProjectSection
EndProject
Project("{9A19103F-16F7-4668-BE54-9A1E7A4F7556}") = "Editor", "Editor\Editor.csproj", "{DA2F3CA0-9A8C-4435-BBB1-9BC350BCEAE1}"
	ProjectSection(ProjectDependencies) = postProject
		{80385BF1-4D10-491A-B1C0-864C527F9C6D} = {80385BF1-4D10-491A-B1C0-864C527F9C6D}
	EndProjectSection
EndProject
Project("{9A19103F-16F7-4668-BE54-9A1E7A4F7556}") = "YAMLSerializer", "YAMLSerializer\YAMLSerializer.csproj", "{09881D50-9A23-4A86-85EC-412D94FD65E8}"
	ProjectSection(ProjectDependencies) = postProject
		{80385BF1-4D10-491A-B1C0-864C527F9C6D} = {80385BF1-4D10-491A-B1C0-864C527F9C6D}
	EndProjectSection
EndProject
Project("{FAE04EC0-301F-11D3-BF4B-00C04F79EFBC}") = "Serialization", "Serialization\Serialization.csproj", "{7FA71E8C-2592-4A93-848C-3922295AD3DB}"
	ProjectSection(ProjectDependencies) = postProject
		{80385BF1-4D10-491A-B1C0-864C527F9C6D} = {80385BF1-4D10-491A-B1C0-864C527F9C6D}
	EndProjectSection
EndProject
Global
	GlobalSection(SolutionConfigurationPlatforms) = preSolution
		Debug|Any CPU = Debug|Any CPU
		Release|Any CPU = Release|Any CPU
	EndGlobalSection
	GlobalSection(ProjectConfigurationPlatforms) = postSolution
		{649F9541-78C8-4201-8321-61287EE73C05}.Debug|Any CPU.ActiveCfg = Debug|Any CPU
		{649F9541-78C8-4201-8321-61287EE73C05}.Debug|Any CPU.Build.0 = Debug|Any CPU
		{649F9541-78C8-4201-8321-61287EE73C05}.Release|Any CPU.ActiveCfg = Release|Any CPU
		{649F9541-78C8-4201-8321-61287EE73C05}.Release|Any CPU.Build.0 = Release|Any CPU
		{80385BF1-4D10-491A-B1C0-864C527F9C6D}.Debug|Any CPU.ActiveCfg = Debug|Any CPU
		{80385BF1-4D10-491A-B1C0-864C527F9C6D}.Debug|Any CPU.Build.0 = Debug|Any CPU
		{80385BF1-4D10-491A-B1C0-864C527F9C6D}.Release|Any CPU.ActiveCfg = Release|Any CPU
		{80385BF1-4D10-491A-B1C0-864C527F9C6D}.Release|Any CPU.Build.0 = Release|Any CPU
		{6C874E75-94CF-494B-BC45-8B66536CD1A0}.Debug|Any CPU.ActiveCfg = Debug|Any CPU
		{6C874E75-94CF-494B-BC45-8B66536CD1A0}.Debug|Any CPU.Build.0 = Debug|Any CPU
		{6C874E75-94CF-494B-BC45-8B66536CD1A0}.Release|Any CPU.ActiveCfg = Release|Any CPU
		{6C874E75-94CF-494B-BC45-8B66536CD1A0}.Release|Any CPU.Build.0 = Release|Any CPU
		{CA24741D-F70C-4B0E-A6BE-A5E8AA9AB949}.Debug|Any CPU.ActiveCfg = Debug|Any CPU
		{CA24741D-F70C-4B0E-A6BE-A5E8AA9AB949}.Debug|Any CPU.Build.0 = Debug|Any CPU
		{CA24741D-F70C-4B0E-A6BE-A5E8AA9AB949}.Release|Any CPU.ActiveCfg = Release|Any CPU
		{CA24741D-F70C-4B0E-A6BE-A5E8AA9AB949}.Release|Any CPU.Build.0 = Release|Any CPU
		{8A658FD4-8373-49F7-A1E5-81468092173F}.Debug|Any CPU.ActiveCfg = Debug|Any CPU
		{8A658FD4-8373-49F7-A1E5-81468092173F}.Debug|Any CPU.Build.0 = Debug|Any CPU
		{8A658FD4-8373-49F7-A1E5-81468092173F}.Release|Any CPU.ActiveCfg = Release|Any CPU
		{8A658FD4-8373-49F7-A1E5-81468092173F}.Release|Any CPU.Build.0 = Release|Any CPU
		{14FEAA62-342A-4D62-9795-2BB072D63143}.Debug|Any CPU.ActiveCfg = Debug|Any CPU
		{14FEAA62-342A-4D62-9795-2BB072D63143}.Debug|Any CPU.Build.0 = Debug|Any CPU
		{14FEAA62-342A-4D62-9795-2BB072D63143}.Release|Any CPU.ActiveCfg = Release|Any CPU
		{14FEAA62-342A-4D62-9795-2BB072D63143}.Release|Any CPU.Build.0 = Release|Any CPU
		{F8577C7A-7DF6-456E-800B-D32FF08E2549}.Debug|Any CPU.ActiveCfg = Debug|Any CPU
		{F8577C7A-7DF6-456E-800B-D32FF08E2549}.Debug|Any CPU.Build.0 = Debug|Any CPU
		{F8577C7A-7DF6-456E-800B-D32FF08E2549}.Release|Any CPU.ActiveCfg = Release|Any CPU
		{F8577C7A-7DF6-456E-800B-D32FF08E2549}.Release|Any CPU.Build.0 = Release|Any CPU
		{DA2F3CA0-9A8C-4435-BBB1-9BC350BCEAE1}.Debug|Any CPU.ActiveCfg = Debug|Any CPU
		{DA2F3CA0-9A8C-4435-BBB1-9BC350BCEAE1}.Debug|Any CPU.Build.0 = Debug|Any CPU
		{DA2F3CA0-9A8C-4435-BBB1-9BC350BCEAE1}.Release|Any CPU.ActiveCfg = Release|Any CPU
		{DA2F3CA0-9A8C-4435-BBB1-9BC350BCEAE1}.Release|Any CPU.Build.0 = Release|Any CPU
		{09881D50-9A23-4A86-85EC-412D94FD65E8}.Debug|Any CPU.ActiveCfg = Debug|Any CPU
		{09881D50-9A23-4A86-85EC-412D94FD65E8}.Debug|Any CPU.Build.0 = Debug|Any CPU
		{09881D50-9A23-4A86-85EC-412D94FD65E8}.Release|Any CPU.ActiveCfg = Release|Any CPU
		{09881D50-9A23-4A86-85EC-412D94FD65E8}.Release|Any CPU.Build.0 = Release|Any CPU
		{7FA71E8C-2592-4A93-848C-3922295AD3DB}.Debug|Any CPU.ActiveCfg = Debug|Any CPU
		{7FA71E8C-2592-4A93-848C-3922295AD3DB}.Debug|Any CPU.Build.0 = Debug|Any CPU
		{7FA71E8C-2592-4A93-848C-3922295AD3DB}.Release|Any CPU.ActiveCfg = Release|Any CPU
		{7FA71E8C-2592-4A93-848C-3922295AD3DB}.Release|Any CPU.Build.0 = Release|Any CPU
	EndGlobalSection
	GlobalSection(SolutionProperties) = preSolution
		HideSolutionNode = FALSE
	EndGlobalSection
	GlobalSection(ExtensibilityGlobals) = postSolution
		SolutionGuid = {75F735E8-890C-4281-AEA9-A5AB029A2745}
	EndGlobalSection
EndGlobal
